
Microsoft Visual Studio Solution File, Format Version 11.00
# Visual Studio 2010
Project("{FAE04EC0-301F-11D3-BF4B-00C04F79EFBC}") = "AstarPathfindingProject", "AstarPathfindingProject.csproj", "{632D36B8-1A5C-B535-B595-133E4C5D604B}"
EndProject
Project("{FAE04EC0-301F-11D3-BF4B-00C04F79EFBC}") = "Assembly-CSharp", "Assembly-CSharp.csproj", "{220FB60E-36A7-1EC2-C346-B560D668A76E}"
EndProject
Project("{FAE04EC0-301F-11D3-BF4B-00C04F79EFBC}") = "AstarPathfindingProjectEditor", "AstarPathfindingProjectEditor.csproj", "{1779FBF9-FA58-C524-0C9B-D18DA43EBE2A}"
EndProject
Project("{FAE04EC0-301F-11D3-BF4B-00C04F79EFBC}") = "PackageToolsEditor", "PackageToolsEditor.csproj", "{ADF35624-CDC5-57B6-48CF-3F5F61A0942F}"
EndProject
Global
	GlobalSection(SolutionConfigurationPlatforms) = preSolution
		Debug|Any CPU = Debug|Any CPU
		Release|Any CPU = Release|Any CPU
	EndGlobalSection
	GlobalSection(ProjectConfigurationPlatforms) = postSolution
		{632D36B8-1A5C-B535-B595-133E4C5D604B}.Debug|Any CPU.ActiveCfg = Debug|Any CPU
		{632D36B8-1A5C-B535-B595-133E4C5D604B}.Debug|Any CPU.Build.0 = Debug|Any CPU
		{632D36B8-1A5C-B535-B595-133E4C5D604B}.Release|Any CPU.ActiveCfg = Release|Any CPU
		{632D36B8-1A5C-B535-B595-133E4C5D604B}.Release|Any CPU.Build.0 = Release|Any CPU
		{220FB60E-36A7-1EC2-C346-B560D668A76E}.Debug|Any CPU.ActiveCfg = Debug|Any CPU
		{220FB60E-36A7-1EC2-C346-B560D668A76E}.Debug|Any CPU.Build.0 = Debug|Any CPU
		{220FB60E-36A7-1EC2-C346-B560D668A76E}.Release|Any CPU.ActiveCfg = Release|Any CPU
		{220FB60E-36A7-1EC2-C346-B560D668A76E}.Release|Any CPU.Build.0 = Release|Any CPU
		{1779FBF9-FA58-C524-0C9B-D18DA43EBE2A}.Debug|Any CPU.ActiveCfg = Debug|Any CPU
		{1779FBF9-FA58-C524-0C9B-D18DA43EBE2A}.Debug|Any CPU.Build.0 = Debug|Any CPU
		{1779FBF9-FA58-C524-0C9B-D18DA43EBE2A}.Release|Any CPU.ActiveCfg = Release|Any CPU
		{1779FBF9-FA58-C524-0C9B-D18DA43EBE2A}.Release|Any CPU.Build.0 = Release|Any CPU
		{ADF35624-CDC5-57B6-48CF-3F5F61A0942F}.Debug|Any CPU.ActiveCfg = Debug|Any CPU
		{ADF35624-CDC5-57B6-48CF-3F5F61A0942F}.Debug|Any CPU.Build.0 = Debug|Any CPU
		{ADF35624-CDC5-57B6-48CF-3F5F61A0942F}.Release|Any CPU.ActiveCfg = Release|Any CPU
		{ADF35624-CDC5-57B6-48CF-3F5F61A0942F}.Release|Any CPU.Build.0 = Release|Any CPU
	EndGlobalSection
	GlobalSection(SolutionProperties) = preSolution
		HideSolutionNode = FALSE
	EndGlobalSection
EndGlobal
