
Microsoft Visual Studio Solution File, Format Version 12.00
# Visual Studio 15
Project("{FAE04EC0-301F-11D3-BF4B-00C04F79EFBC}") = "AstarPathfindingProject", "AstarPathfindingProject.csproj", "{52F505D9-83A2-D081-B6FE-60FD1B8D31F8}"
EndProject
Project("{FAE04EC0-301F-11D3-BF4B-00C04F79EFBC}") = "Assembly-CSharp", "Assembly-CSharp.csproj", "{1372BC17-FF4D-6FFB-192A-40B633C077F0}"
EndProject
Project("{FAE04EC0-301F-11D3-BF4B-00C04F79EFBC}") = "AstarPathfindingProjectEditor", "AstarPathfindingProjectEditor.csproj", "{3132165E-1250-44FB-5D85-CBDB366D62D9}"
EndProject
Project("{FAE04EC0-301F-11D3-BF4B-00C04F79EFBC}") = "PackageToolsEditor", "PackageToolsEditor.csproj", "{EE9F5671-0EC5-5D2F-9184-C043B476D835}"
EndProject
Global
	GlobalSection(SolutionConfigurationPlatforms) = preSolution
		Debug|Any CPU = Debug|Any CPU
		Release|Any CPU = Release|Any CPU
	EndGlobalSection
	GlobalSection(ProjectConfigurationPlatforms) = postSolution
		{52F505D9-83A2-D081-B6FE-60FD1B8D31F8}.Debug|Any CPU.ActiveCfg = Debug|Any CPU
		{52F505D9-83A2-D081-B6FE-60FD1B8D31F8}.Debug|Any CPU.Build.0 = Debug|Any CPU
		{52F505D9-83A2-D081-B6FE-60FD1B8D31F8}.Release|Any CPU.ActiveCfg = Release|Any CPU
		{52F505D9-83A2-D081-B6FE-60FD1B8D31F8}.Release|Any CPU.Build.0 = Release|Any CPU
		{1372BC17-FF4D-6FFB-192A-40B633C077F0}.Debug|Any CPU.ActiveCfg = Debug|Any CPU
		{1372BC17-FF4D-6FFB-192A-40B633C077F0}.Debug|Any CPU.Build.0 = Debug|Any CPU
		{1372BC17-FF4D-6FFB-192A-40B633C077F0}.Release|Any CPU.ActiveCfg = Release|Any CPU
		{1372BC17-FF4D-6FFB-192A-40B633C077F0}.Release|Any CPU.Build.0 = Release|Any CPU
		{3132165E-1250-44FB-5D85-CBDB366D62D9}.Debug|Any CPU.ActiveCfg = Debug|Any CPU
		{3132165E-1250-44FB-5D85-CBDB366D62D9}.Debug|Any CPU.Build.0 = Debug|Any CPU
		{3132165E-1250-44FB-5D85-CBDB366D62D9}.Release|Any CPU.ActiveCfg = Release|Any CPU
		{3132165E-1250-44FB-5D85-CBDB366D62D9}.Release|Any CPU.Build.0 = Release|Any CPU
		{EE9F5671-0EC5-5D2F-9184-C043B476D835}.Debug|Any CPU.ActiveCfg = Debug|Any CPU
		{EE9F5671-0EC5-5D2F-9184-C043B476D835}.Debug|Any CPU.Build.0 = Debug|Any CPU
		{EE9F5671-0EC5-5D2F-9184-C043B476D835}.Release|Any CPU.ActiveCfg = Release|Any CPU
		{EE9F5671-0EC5-5D2F-9184-C043B476D835}.Release|Any CPU.Build.0 = Release|Any CPU
	EndGlobalSection
	GlobalSection(SolutionProperties) = preSolution
		HideSolutionNode = FALSE
	EndGlobalSection
EndGlobal
